
Microsoft Visual Studio Solution File, Format Version 12.00
# Visual Studio Version 17
VisualStudioVersion = 17.7.34221.43
MinimumVisualStudioVersion = 10.0.40219.1
Project("{FAE04EC0-301F-11D3-BF4B-00C04F79EFBC}") = "GoPost", "GoPost\GoPost.csproj", "{E0BD6180-6E77-4082-8483-C0E4824CAEFE}"
EndProject
Global
	GlobalSection(SolutionConfigurationPlatforms) = preSolution
		Debug|Any CPU = Debug|Any CPU
		Release|Any CPU = Release|Any CPU
	EndGlobalSection
	GlobalSection(ProjectConfigurationPlatforms) = postSolution
		{E0BD6180-6E77-4082-8483-C0E4824CAEFE}.Debug|Any CPU.ActiveCfg = Debug|Any CPU
		{E0BD6180-6E77-4082-8483-C0E4824CAEFE}.Debug|Any CPU.Build.0 = Debug|Any CPU
		{E0BD6180-6E77-4082-8483-C0E4824CAEFE}.Release|Any CPU.ActiveCfg = Release|Any CPU
		{E0BD6180-6E77-4082-8483-C0E4824CAEFE}.Release|Any CPU.Build.0 = Release|Any CPU
	EndGlobalSection
	GlobalSection(SolutionProperties) = preSolution
		HideSolutionNode = FALSE
	EndGlobalSection
	GlobalSection(ExtensibilityGlobals) = postSolution
		SolutionGuid = {89C6D899-905B-4DC2-9398-1790BE83CDCE}
	EndGlobalSection
EndGlobal
